
Microsoft Visual Studio Solution File, Format Version 12.00
# Visual Studio Version 17
VisualStudioVersion = 17.2.32630.192
MinimumVisualStudioVersion = 10.0.40219.1
Project("{8BC9CEB8-8B4A-11D0-8D11-00A0C91BC942}") = "c korea", "c korea\c korea.vcxproj", "{7BE87D7D-ABD5-477D-99AB-57F2C7640782}"
EndProject
Project("{8BC9CEB8-8B4A-11D0-8D11-00A0C91BC942}") = "day2", "day2\day2.vcxproj", "{E14B6604-B1E7-461E-9DAF-AC5D81B547AE}"
EndProject
Project("{8BC9CEB8-8B4A-11D0-8D11-00A0C91BC942}") = "day3", "day3\day3.vcxproj", "{BE2DA00D-DE72-47BB-A402-E31FBE8BF33B}"
EndProject
Project("{8BC9CEB8-8B4A-11D0-8D11-00A0C91BC942}") = "imagedlg", "imagedlg\imagedlg.vcxproj", "{2740969A-4299-46F1-B7FD-8A269D87CC11}"
EndProject
Global
	GlobalSection(SolutionConfigurationPlatforms) = preSolution
		Debug|x64 = Debug|x64
		Debug|x86 = Debug|x86
		Release|x64 = Release|x64
		Release|x86 = Release|x86
	EndGlobalSection
	GlobalSection(ProjectConfigurationPlatforms) = postSolution
		{7BE87D7D-ABD5-477D-99AB-57F2C7640782}.Debug|x64.ActiveCfg = Debug|x64
		{7BE87D7D-ABD5-477D-99AB-57F2C7640782}.Debug|x64.Build.0 = Debug|x64
		{7BE87D7D-ABD5-477D-99AB-57F2C7640782}.Debug|x86.ActiveCfg = Debug|Win32
		{7BE87D7D-ABD5-477D-99AB-57F2C7640782}.Debug|x86.Build.0 = Debug|Win32
		{7BE87D7D-ABD5-477D-99AB-57F2C7640782}.Release|x64.ActiveCfg = Release|x64
		{7BE87D7D-ABD5-477D-99AB-57F2C7640782}.Release|x64.Build.0 = Release|x64
		{7BE87D7D-ABD5-477D-99AB-57F2C7640782}.Release|x86.ActiveCfg = Release|Win32
		{7BE87D7D-ABD5-477D-99AB-57F2C7640782}.Release|x86.Build.0 = Release|Win32
		{E14B6604-B1E7-461E-9DAF-AC5D81B547AE}.Debug|x64.ActiveCfg = Debug|x64
		{E14B6604-B1E7-461E-9DAF-AC5D81B547AE}.Debug|x64.Build.0 = Debug|x64
		{E14B6604-B1E7-461E-9DAF-AC5D81B547AE}.Debug|x86.ActiveCfg = Debug|Win32
		{E14B6604-B1E7-461E-9DAF-AC5D81B547AE}.Debug|x86.Build.0 = Debug|Win32
		{E14B6604-B1E7-461E-9DAF-AC5D81B547AE}.Release|x64.ActiveCfg = Release|x64
		{E14B6604-B1E7-461E-9DAF-AC5D81B547AE}.Release|x64.Build.0 = Release|x64
		{E14B6604-B1E7-461E-9DAF-AC5D81B547AE}.Release|x86.ActiveCfg = Release|Win32
		{E14B6604-B1E7-461E-9DAF-AC5D81B547AE}.Release|x86.Build.0 = Release|Win32
		{BE2DA00D-DE72-47BB-A402-E31FBE8BF33B}.Debug|x64.ActiveCfg = Debug|x64
		{BE2DA00D-DE72-47BB-A402-E31FBE8BF33B}.Debug|x64.Build.0 = Debug|x64
		{BE2DA00D-DE72-47BB-A402-E31FBE8BF33B}.Debug|x86.ActiveCfg = Debug|Win32
		{BE2DA00D-DE72-47BB-A402-E31FBE8BF33B}.Debug|x86.Build.0 = Debug|Win32
		{BE2DA00D-DE72-47BB-A402-E31FBE8BF33B}.Release|x64.ActiveCfg = Release|x64
		{BE2DA00D-DE72-47BB-A402-E31FBE8BF33B}.Release|x64.Build.0 = Release|x64
		{BE2DA00D-DE72-47BB-A402-E31FBE8BF33B}.Release|x86.ActiveCfg = Release|Win32
		{BE2DA00D-DE72-47BB-A402-E31FBE8BF33B}.Release|x86.Build.0 = Release|Win32
		{2740969A-4299-46F1-B7FD-8A269D87CC11}.Debug|x64.ActiveCfg = Debug|x64
		{2740969A-4299-46F1-B7FD-8A269D87CC11}.Debug|x64.Build.0 = Debug|x64
		{2740969A-4299-46F1-B7FD-8A269D87CC11}.Debug|x86.ActiveCfg = Debug|Win32
		{2740969A-4299-46F1-B7FD-8A269D87CC11}.Debug|x86.Build.0 = Debug|Win32
		{2740969A-4299-46F1-B7FD-8A269D87CC11}.Release|x64.ActiveCfg = Release|x64
		{2740969A-4299-46F1-B7FD-8A269D87CC11}.Release|x64.Build.0 = Release|x64
		{2740969A-4299-46F1-B7FD-8A269D87CC11}.Release|x86.ActiveCfg = Release|Win32
		{2740969A-4299-46F1-B7FD-8A269D87CC11}.Release|x86.Build.0 = Release|Win32
	EndGlobalSection
	GlobalSection(SolutionProperties) = preSolution
		HideSolutionNode = FALSE
	EndGlobalSection
	GlobalSection(ExtensibilityGlobals) = postSolution
		SolutionGuid = {45E3C550-5B90-4DC7-B0F0-C7D2856F3759}
	EndGlobalSection
EndGlobal
